
Microsoft Visual Studio Solution File, Format Version 12.00
# Visual Studio Version 17
VisualStudioVersion = 17.5.002.0
MinimumVisualStudioVersion = 10.0.40219.1
Project("{9A19103F-16F7-4668-BE54-9A1E7A4F7556}") = "task10", "task10\task10.csproj", "{B154E2E8-4F3F-4618-B217-7C9CD149E229}"
EndProject
Project("{9A19103F-16F7-4668-BE54-9A1E7A4F7556}") = "task13", "task13\task13.csproj", "{B7810CFE-3F3B-4BAD-A1E8-CB1DC9EEC9DA}"
EndProject
Project("{9A19103F-16F7-4668-BE54-9A1E7A4F7556}") = "task15", "task15\task15.csproj", "{27DCCE05-3D58-45D2-AE43-CCBDE6C30A30}"
EndProject
Global
	GlobalSection(SolutionConfigurationPlatforms) = preSolution
		Debug|Any CPU = Debug|Any CPU
		Release|Any CPU = Release|Any CPU
	EndGlobalSection
	GlobalSection(ProjectConfigurationPlatforms) = postSolution
		{B154E2E8-4F3F-4618-B217-7C9CD149E229}.Debug|Any CPU.ActiveCfg = Debug|Any CPU
		{B154E2E8-4F3F-4618-B217-7C9CD149E229}.Debug|Any CPU.Build.0 = Debug|Any CPU
		{B154E2E8-4F3F-4618-B217-7C9CD149E229}.Release|Any CPU.ActiveCfg = Release|Any CPU
		{B154E2E8-4F3F-4618-B217-7C9CD149E229}.Release|Any CPU.Build.0 = Release|Any CPU
		{B7810CFE-3F3B-4BAD-A1E8-CB1DC9EEC9DA}.Debug|Any CPU.ActiveCfg = Debug|Any CPU
		{B7810CFE-3F3B-4BAD-A1E8-CB1DC9EEC9DA}.Debug|Any CPU.Build.0 = Debug|Any CPU
		{B7810CFE-3F3B-4BAD-A1E8-CB1DC9EEC9DA}.Release|Any CPU.ActiveCfg = Release|Any CPU
		{B7810CFE-3F3B-4BAD-A1E8-CB1DC9EEC9DA}.Release|Any CPU.Build.0 = Release|Any CPU
		{27DCCE05-3D58-45D2-AE43-CCBDE6C30A30}.Debug|Any CPU.ActiveCfg = Debug|Any CPU
		{27DCCE05-3D58-45D2-AE43-CCBDE6C30A30}.Debug|Any CPU.Build.0 = Debug|Any CPU
		{27DCCE05-3D58-45D2-AE43-CCBDE6C30A30}.Release|Any CPU.ActiveCfg = Release|Any CPU
		{27DCCE05-3D58-45D2-AE43-CCBDE6C30A30}.Release|Any CPU.Build.0 = Release|Any CPU
	EndGlobalSection
	GlobalSection(SolutionProperties) = preSolution
		HideSolutionNode = FALSE
	EndGlobalSection
	GlobalSection(ExtensibilityGlobals) = postSolution
		SolutionGuid = {08ADA030-7E10-484D-9D9D-578C54E5C7E0}
	EndGlobalSection
EndGlobal
